
Microsoft Visual Studio Solution File, Format Version 12.00
# Visual Studio Version 17
VisualStudioVersion = 17.14.37614.0 d17.14
MinimumVisualStudioVersion = 10.0.40219.1
Project("{FAE04EC0-301F-11D3-BF4B-00C04F79EFBC}") = "MakeVideo", "MakeVideo\MakeVideo.csproj", "{E9C8B271-7042-460C-ABD1-C2576B753C71}"
EndProject
Global
	GlobalSection(SolutionConfigurationPlatforms) = preSolution
		Debug|Any CPU = Debug|Any CPU
		Release|Any CPU = Release|Any CPU
	EndGlobalSection
	GlobalSection(ProjectConfigurationPlatforms) = postSolution
		{E9C8B271-7042-460C-ABD1-C2576B753C71}.Debug|Any CPU.ActiveCfg = Debug|Any CPU
		{E9C8B271-7042-460C-ABD1-C2576B753C71}.Debug|Any CPU.Build.0 = Debug|Any CPU
		{E9C8B271-7042-460C-ABD1-C2576B753C71}.Release|Any CPU.ActiveCfg = Release|Any CPU
		{E9C8B271-7042-460C-ABD1-C2576B753C71}.Release|Any CPU.Build.0 = Release|Any CPU
	EndGlobalSection
	GlobalSection(SolutionProperties) = preSolution
		HideSolutionNode = FALSE
	EndGlobalSection
	GlobalSection(ExtensibilityGlobals) = postSolution
		SolutionGuid = {3A6D16E3-D26B-4E5B-BAF6-3569FFA7417D}
	EndGlobalSection
EndGlobal
